
Microsoft Visual Studio Solution File, Format Version 12.00
# Visual Studio Version 17
VisualStudioVersion = 17.14.36414.22
MinimumVisualStudioVersion = 10.0.40219.1
Project("{2150E333-8FDC-42A3-9474-1A3956D46DE8}") = "src", "src", "{02EA681E-C7D8-13C7-8484-4AC65E1B71E8}"
EndProject
Project("{FAE04EC0-301F-11D3-BF4B-00C04F79EFBC}") = "Test.ConsoleUI", "src\Test.ConsoleUI\Test.ConsoleUI.csproj", "{D3582864-7F61-47C2-B157-C658009308F3}"
EndProject
Project("{FAE04EC0-301F-11D3-BF4B-00C04F79EFBC}") = "Mybad.Core", "src\Mybad.Core\Mybad.Core.csproj", "{B03E31F0-6AF3-4978-92CA-128C49DDB386}"
EndProject
Project("{2150E333-8FDC-42A3-9474-1A3956D46DE8}") = "Services", "Services", "{44D0E7C5-9063-4CBE-B8DA-E3AC4F056855}"
EndProject
Project("{FAE04EC0-301F-11D3-BF4B-00C04F79EFBC}") = "Mybad.Services.OpenDota", "src\Services\Mybad.Services.OpenDota\Mybad.Services.OpenDota.csproj", "{A9546480-63DC-48BD-89B7-BD613A4A01DB}"
EndProject
Project("{2150E333-8FDC-42A3-9474-1A3956D46DE8}") = "tests", "tests", "{151BB809-F5D9-417F-999F-82F1AC961BE9}"
EndProject
Project("{FAE04EC0-301F-11D3-BF4B-00C04F79EFBC}") = "OpenDotaService.Tests", "tests\OpenDotaService.Tests\OpenDotaService.Tests.csproj", "{E57CECDE-F38A-42D2-A70C-6EF64DB1944E}"
EndProject
Project("{FAE04EC0-301F-11D3-BF4B-00C04F79EFBC}") = "CoreHeroMatchupsTests", "CoreHeroMatchupsTests\CoreHeroMatchupsTests.csproj", "{ADA18899-FC7B-4762-8052-C457A26D3365}"
Project("{FAE04EC0-301F-11D3-BF4B-00C04F79EFBC}") = "Mybad.API", "src\Mybad.API\Mybad.API.csproj", "{D0496EFA-5CEC-45D6-B28B-3DA2132CA6D8}"
EndProject
Project("{2150E333-8FDC-42A3-9474-1A3956D46DE8}") = "UI", "UI", "{F3DD883A-5B61-4B41-AEC9-48CD7B61DE47}"
EndProject
Global
	GlobalSection(SolutionConfigurationPlatforms) = preSolution
		Debug|Any CPU = Debug|Any CPU
		Release|Any CPU = Release|Any CPU
	EndGlobalSection
	GlobalSection(ProjectConfigurationPlatforms) = postSolution
		{D3582864-7F61-47C2-B157-C658009308F3}.Debug|Any CPU.ActiveCfg = Debug|Any CPU
		{D3582864-7F61-47C2-B157-C658009308F3}.Debug|Any CPU.Build.0 = Debug|Any CPU
		{D3582864-7F61-47C2-B157-C658009308F3}.Release|Any CPU.ActiveCfg = Release|Any CPU
		{D3582864-7F61-47C2-B157-C658009308F3}.Release|Any CPU.Build.0 = Release|Any CPU
		{B03E31F0-6AF3-4978-92CA-128C49DDB386}.Debug|Any CPU.ActiveCfg = Debug|Any CPU
		{B03E31F0-6AF3-4978-92CA-128C49DDB386}.Debug|Any CPU.Build.0 = Debug|Any CPU
		{B03E31F0-6AF3-4978-92CA-128C49DDB386}.Release|Any CPU.ActiveCfg = Release|Any CPU
		{B03E31F0-6AF3-4978-92CA-128C49DDB386}.Release|Any CPU.Build.0 = Release|Any CPU
		{A9546480-63DC-48BD-89B7-BD613A4A01DB}.Debug|Any CPU.ActiveCfg = Debug|Any CPU
		{A9546480-63DC-48BD-89B7-BD613A4A01DB}.Debug|Any CPU.Build.0 = Debug|Any CPU
		{A9546480-63DC-48BD-89B7-BD613A4A01DB}.Release|Any CPU.ActiveCfg = Release|Any CPU
		{A9546480-63DC-48BD-89B7-BD613A4A01DB}.Release|Any CPU.Build.0 = Release|Any CPU
		{E57CECDE-F38A-42D2-A70C-6EF64DB1944E}.Debug|Any CPU.ActiveCfg = Debug|Any CPU
		{E57CECDE-F38A-42D2-A70C-6EF64DB1944E}.Debug|Any CPU.Build.0 = Debug|Any CPU
		{E57CECDE-F38A-42D2-A70C-6EF64DB1944E}.Release|Any CPU.ActiveCfg = Release|Any CPU
		{E57CECDE-F38A-42D2-A70C-6EF64DB1944E}.Release|Any CPU.Build.0 = Release|Any CPU
		{ADA18899-FC7B-4762-8052-C457A26D3365}.Debug|Any CPU.ActiveCfg = Debug|Any CPU
		{ADA18899-FC7B-4762-8052-C457A26D3365}.Debug|Any CPU.Build.0 = Debug|Any CPU
		{ADA18899-FC7B-4762-8052-C457A26D3365}.Release|Any CPU.ActiveCfg = Release|Any CPU
		{ADA18899-FC7B-4762-8052-C457A26D3365}.Release|Any CPU.Build.0 = Release|Any CPU
		{D0496EFA-5CEC-45D6-B28B-3DA2132CA6D8}.Debug|Any CPU.ActiveCfg = Debug|Any CPU
		{D0496EFA-5CEC-45D6-B28B-3DA2132CA6D8}.Debug|Any CPU.Build.0 = Debug|Any CPU
		{D0496EFA-5CEC-45D6-B28B-3DA2132CA6D8}.Release|Any CPU.ActiveCfg = Release|Any CPU
		{D0496EFA-5CEC-45D6-B28B-3DA2132CA6D8}.Release|Any CPU.Build.0 = Release|Any CPU
	EndGlobalSection
	GlobalSection(SolutionProperties) = preSolution
		HideSolutionNode = FALSE
	EndGlobalSection
	GlobalSection(NestedProjects) = preSolution
		{D3582864-7F61-47C2-B157-C658009308F3} = {02EA681E-C7D8-13C7-8484-4AC65E1B71E8}
		{B03E31F0-6AF3-4978-92CA-128C49DDB386} = {02EA681E-C7D8-13C7-8484-4AC65E1B71E8}
		{44D0E7C5-9063-4CBE-B8DA-E3AC4F056855} = {02EA681E-C7D8-13C7-8484-4AC65E1B71E8}
		{A9546480-63DC-48BD-89B7-BD613A4A01DB} = {44D0E7C5-9063-4CBE-B8DA-E3AC4F056855}
		{E57CECDE-F38A-42D2-A70C-6EF64DB1944E} = {151BB809-F5D9-417F-999F-82F1AC961BE9}
		{ADA18899-FC7B-4762-8052-C457A26D3365} = {151BB809-F5D9-417F-999F-82F1AC961BE9}
		{D0496EFA-5CEC-45D6-B28B-3DA2132CA6D8} = {02EA681E-C7D8-13C7-8484-4AC65E1B71E8}
		{F3DD883A-5B61-4B41-AEC9-48CD7B61DE47} = {02EA681E-C7D8-13C7-8484-4AC65E1B71E8}
	EndGlobalSection
	GlobalSection(ExtensibilityGlobals) = postSolution
		SolutionGuid = {54D1A7DD-C8D4-42E3-8C9F-A6CCCF84B8D6}
	EndGlobalSection
EndGlobal
